
Microsoft Visual Studio Solution File, Format Version 12.00
# Visual Studio Version 16
VisualStudioVersion = 16.0.29709.97
MinimumVisualStudioVersion = 10.0.40219.1
Project("{FAE04EC0-301F-11D3-BF4B-00C04F79EFBC}") = "Fluiid", "Fluiid.csproj", "{6C60A4FC-8810-4183-AE2A-80E24B0674DF}"
EndProject
Global
	GlobalSection(SolutionConfigurationPlatforms) = preSolution
		Debug|Any CPU = Debug|Any CPU
		Release|Any CPU = Release|Any CPU
	EndGlobalSection
	GlobalSection(ProjectConfigurationPlatforms) = postSolution
		{6C60A4FC-8810-4183-AE2A-80E24B0674DF}.Debug|Any CPU.ActiveCfg = Debug|Any CPU
		{6C60A4FC-8810-4183-AE2A-80E24B0674DF}.Debug|Any CPU.Build.0 = Debug|Any CPU
		{6C60A4FC-8810-4183-AE2A-80E24B0674DF}.Release|Any CPU.ActiveCfg = Release|Any CPU
		{6C60A4FC-8810-4183-AE2A-80E24B0674DF}.Release|Any CPU.Build.0 = Release|Any CPU
	EndGlobalSection
	GlobalSection(SolutionProperties) = preSolution
		HideSolutionNode = FALSE
	EndGlobalSection
	GlobalSection(ExtensibilityGlobals) = postSolution
		SolutionGuid = {F0A81CB1-A029-4F99-ADF6-350D30647482}
	EndGlobalSection
EndGlobal
